PODS:
  - KontaktSDK (3.0.26)
  - Toast-Swift (5.0.1)
  - UbiParkSDK (2.0.0)

DEPENDENCIES:
  - KontaktSDK (~> 3.0)
  - Toast-Swift (~> 5.0.1)
  - UbiParkSDK (from `https://github.com/UbiParkDev/ubiparksdk-ios.git`)

SPEC REPOS:
  trunk:
    - KontaktSDK
    - Toast-Swift

EXTERNAL SOURCES:
  UbiParkSDK:
    :git: https://github.com/UbiParkDev/ubiparksdk-ios.git

CHECKOUT OPTIONS:
  UbiParkSDK:
    :commit: 560cdb2fb4ce4ca737ec30b356ff224a5de5e7e8
    :git: https://github.com/UbiParkDev/ubiparksdk-ios.git

SPEC CHECKSUMS:
  KontaktSDK: 988dafe70f470cbacce9620a1aff310fa28129cf
  Toast-Swift: 9b6a70f28b3bf0b96c40d46c0c4b9d6639846711
  UbiParkSDK: 514ffda1a1858446a74b263ba6bbf83314fcb8db

PODFILE CHECKSUM: 7af6c259119990a9d814855d2db8b4b5c310266a

COCOAPODS: 1.12.0
