PODS:
  - KontaktSDK (3.0.26)
  - Toaster (2.3.0)
  - UbiParkSDK (2.0.3)

DEPENDENCIES:
  - KontaktSDK (~> 3.0)
  - Toaster
  - UbiParkSDK (from `https://github.com/UbiParkDev/ubiparksdk-ios.git`)

SPEC REPOS:
  trunk:
    - KontaktSDK
    - Toaster

EXTERNAL SOURCES:
  UbiParkSDK:
    :git: https://github.com/UbiParkDev/ubiparksdk-ios.git

CHECKOUT OPTIONS:
  UbiParkSDK:
    :commit: 30566fffaeb3268dd6bbceefc1fe9232c8f4d50d
    :git: https://github.com/UbiParkDev/ubiparksdk-ios.git

SPEC CHECKSUMS:
  KontaktSDK: 988dafe70f470cbacce9620a1aff310fa28129cf
  Toaster: c3473963c78e8cabbf6ea6f11ad0fdaae6f54987
  UbiParkSDK: f872b9ef580646b3446d4b3be9d9fbe31912fcfb

PODFILE CHECKSUM: b784704eadcb27c6f3569397dfc9ea2f7011c156

COCOAPODS: 1.12.0
