PODS:
  - Toaster (2.3.0)
  - UbiParkSDK (1.0.14)

DEPENDENCIES:
  - Toaster
  - UbiParkSDK (from `https://github.com/UbiParkDev/ubiparksdk-ios.git`)

SPEC REPOS:
  trunk:
    - Toaster

EXTERNAL SOURCES:
  UbiParkSDK:
    :git: https://github.com/UbiParkDev/ubiparksdk-ios.git

CHECKOUT OPTIONS:
  UbiParkSDK:
    :commit: 43e333baf44255dfe14d6eca96fccd3b622caf7c
    :git: https://github.com/UbiParkDev/ubiparksdk-ios.git

SPEC CHECKSUMS:
  Toaster: c3473963c78e8cabbf6ea6f11ad0fdaae6f54987
  UbiParkSDK: f4857d6dab1e9484f8b3f78f5e37f187c7fec760

PODFILE CHECKSUM: 5f55133fb61753d83159f1a9bc0135cab61df4ef

COCOAPODS: 1.10.1
